// !$*UTF8*$!
{
	archiveVersion = 1;
	classes = {
	};
	objectVersion = 56;
	objects = {

/* Begin PBXBuildFile section */
		6A0D36AD2C91F0220075A45C /* main.cpp in Sources */ = {isa = PBXBuildFile; fileRef = 6A0D36AC2C91F0220075A45C /* main.cpp */; };
		6A0D36B72C91F06C0075A45C /* continent.cpp in Sources */ = {isa = PBXBuildFile; fileRef = 6A0D36B42C91F06C0075A45C /* continent.cpp */; };
		6A0D36B82C91F06C0075A45C /* carnivores.cpp in Sources */ = {isa = PBXBuildFile; fileRef = 6A0D36B52C91F06C0075A45C /* carnivores.cpp */; };
		6AA1E92A2C9330C400F5C3A3 /* wildebeest.cpp in Sources */ = {isa = PBXBuildFile; fileRef = 6AA1E9292C9330C400F5C3A3 /* wildebeest.cpp */; };
		6AA1E92D2C93317500F5C3A3 /* bison.cpp in Sources */ = {isa = PBXBuildFile; fileRef = 6AA1E92B2C93317400F5C3A3 /* bison.cpp */; };
/* End PBXBuildFile section */

/* Begin PBXCopyFilesBuildPhase section */
		6A0D36A72C91F0220075A45C /* CopyFiles */ = {
			isa = PBXCopyFilesBuildPhase;
			buildActionMask = 2147483647;
			dstPath = /usr/share/man/man1/;
			dstSubfolderSpec = 0;
			files = (
			);
			runOnlyForDeploymentPostprocessing = 1;
		};
/* End PBXCopyFilesBuildPhase section */

/* Begin PBXFileReference section */
		6A0D36A92C91F0220075A45C /* dz */ = {isa = PBXFileReference; explicitFileType = "compiled.mach-o.executable"; includeInIndex = 0; path = dz; sourceTree = BUILT_PRODUCTS_DIR; };
		6A0D36AC2C91F0220075A45C /* main.cpp */ = {isa = PBXFileReference; lastKnownFileType = sourcecode.cpp.cpp; path = main.cpp; sourceTree = "<group>"; };
		6A0D36B32C91F06C0075A45C /* continent.h */ = {isa = PBXFileReference; fileEncoding = 4; lastKnownFileType = sourcecode.c.h; path = continent.h; sourceTree = "<group>"; };
		6A0D36B42C91F06C0075A45C /* continent.cpp */ = {isa = PBXFileReference; fileEncoding = 4; lastKnownFileType = sourcecode.cpp.cpp; path = continent.cpp; sourceTree = "<group>"; };
		6A0D36B52C91F06C0075A45C /* carnivores.cpp */ = {isa = PBXFileReference; fileEncoding = 4; lastKnownFileType = sourcecode.cpp.cpp; path = carnivores.cpp; sourceTree = "<group>"; };
		6A0D36B92C91F44A0075A45C /* herbivores.h */ = {isa = PBXFileReference; fileEncoding = 4; lastKnownFileType = sourcecode.c.h; path = herbivores.h; sourceTree = "<group>"; };
		6A0D36BA2C91FF6F0075A45C /* carnivores.h */ = {isa = PBXFileReference; fileEncoding = 4; lastKnownFileType = sourcecode.c.h; path = carnivores.h; sourceTree = "<group>"; };
		6AA1E9282C9330C400F5C3A3 /* wildebeest.h */ = {isa = PBXFileReference; fileEncoding = 4; lastKnownFileType = sourcecode.c.h; path = wildebeest.h; sourceTree = "<group>"; };
		6AA1E9292C9330C400F5C3A3 /* wildebeest.cpp */ = {isa = PBXFileReference; fileEncoding = 4; lastKnownFileType = sourcecode.cpp.cpp; path = wildebeest.cpp; sourceTree = "<group>"; };
		6AA1E92B2C93317400F5C3A3 /* bison.cpp */ = {isa = PBXFileReference; fileEncoding = 4; lastKnownFileType = sourcecode.cpp.cpp; path = bison.cpp; sourceTree = "<group>"; };
		6AA1E92C2C93317500F5C3A3 /* bison.h */ = {isa = PBXFileReference; fileEncoding = 4; lastKnownFileType = sourcecode.c.h; path = bison.h; sourceTree = "<group>"; };
/* End PBXFileReference section */

/* Begin PBXFrameworksBuildPhase section */
		6A0D36A62C91F0220075A45C /* Frameworks */ = {
			isa = PBXFrameworksBuildPhase;
			buildActionMask = 2147483647;
			files = (
			);
			runOnlyForDeploymentPostprocessing = 0;
		};
/* End PBXFrameworksBuildPhase section */

/* Begin PBXGroup section */
		6A0D36A02C91F0220075A45C = {
			isa = PBXGroup;
			children = (
				6A0D36AB2C91F0220075A45C /* dz */,
				6A0D36AA2C91F0220075A45C /* Products */,
			);
			sourceTree = "<group>";
		};
		6A0D36AA2C91F0220075A45C /* Products */ = {
			isa = PBXGroup;
			children = (
				6A0D36A92C91F0220075A45C /* dz */,
			);
			name = Products;
			sourceTree = "<group>";
		};
		6A0D36AB2C91F0220075A45C /* dz */ = {
			isa = PBXGroup;
			children = (
				6A0D36AC2C91F0220075A45C /* main.cpp */,
				6A0D36B52C91F06C0075A45C /* carnivores.cpp */,
				6A0D36BA2C91FF6F0075A45C /* carnivores.h */,
				6A0D36B42C91F06C0075A45C /* continent.cpp */,
				6A0D36B32C91F06C0075A45C /* continent.h */,
				6A0D36B92C91F44A0075A45C /* herbivores.h */,
				6AA1E92B2C93317400F5C3A3 /* bison.cpp */,
				6AA1E92C2C93317500F5C3A3 /* bison.h */,
				6AA1E9282C9330C400F5C3A3 /* wildebeest.h */,
				6AA1E9292C9330C400F5C3A3 /* wildebeest.cpp */,
			);
			path = dz;
			sourceTree = "<group>";
		};
/* End PBXGroup section */

/* Begin PBXNativeTarget section */
		6A0D36A82C91F0220075A45C /* dz */ = {
			isa = PBXNativeTarget;
			buildConfigurationList = 6A0D36B02C91F0220075A45C /* Build configuration list for PBXNativeTarget "dz" */;
			buildPhases = (
				6A0D36A52C91F0220075A45C /* Sources */,
				6A0D36A62C91F0220075A45C /* Frameworks */,
				6A0D36A72C91F0220075A45C /* CopyFiles */,
			);
			buildRules = (
			);
			dependencies = (
			);
			name = dz;
			productName = dz;
			productReference = 6A0D36A92C91F0220075A45C /* dz */;
			productType = "com.apple.product-type.tool";
		};
/* End PBXNativeTarget section */

/* Begin PBXProject section */
		6A0D36A12C91F0220075A45C /* Project object */ = {
			isa = PBXProject;
			attributes = {
				BuildIndependentTargetsInParallel = 1;
				LastUpgradeCheck = 1410;
				TargetAttributes = {
					6A0D36A82C91F0220075A45C = {
						CreatedOnToolsVersion = 14.1;
					};
				};
			};
			buildConfigurationList = 6A0D36A42C91F0220075A45C /* Build configuration list for PBXProject "dz" */;
			compatibilityVersion = "Xcode 14.0";
			developmentRegion = en;
			hasScannedForEncodings = 0;
			knownRegions = (
				en,
				Base,
			);
			mainGroup = 6A0D36A02C91F0220075A45C;
			productRefGroup = 6A0D36AA2C91F0220075A45C /* Products */;
			projectDirPath = "";
			projectRoot = "";
			targets = (
				6A0D36A82C91F0220075A45C /* dz */,
			);
		};
/* End PBXProject section */

/* Begin PBXSourcesBuildPhase section */
		6A0D36A52C91F0220075A45C /* Sources */ = {
			isa = PBXSourcesBuildPhase;
			buildActionMask = 2147483647;
			files = (
				6A0D36B72C91F06C0075A45C /* continent.cpp in Sources */,
				6AA1E92D2C93317500F5C3A3 /* bison.cpp in Sources */,
				6A0D36B82C91F06C0075A45C /* carnivores.cpp in Sources */,
				6A0D36AD2C91F0220075A45C /* main.cpp in Sources */,
				6AA1E92A2C9330C400F5C3A3 /* wildebeest.cpp in Sources */,
			);
			runOnlyForDeploymentPostprocessing = 0;
		};
/* End PBXSourcesBuildPhase section */

/* Begin XCBuildConfiguration section */
		6A0D36AE2C91F0220075A45C /* Debug */ = {
			isa = XCBuildConfiguration;
			buildSettings = {
				ALWAYS_SEARCH_USER_PATHS = NO;
				CLANG_ANALYZER_NONNULL = YES;
				CLANG_ANALYZER_NUMBER_OBJECT_CONVERSION = YES_AGGRESSIVE;
				CLANG_CXX_LANGUAGE_STANDARD = "gnu++20";
				CLANG_ENABLE_MODULES = YES;
				CLANG_ENABLE_OBJC_ARC = YES;
				CLANG_ENABLE_OBJC_WEAK = YES;
				CLANG_WARN_BLOCK_CAPTURE_AUTORELEASING = YES;
				CLANG_WARN_BOOL_CONVERSION = YES;
				CLANG_WARN_COMMA = YES;
				CLANG_WARN_CONSTANT_CONVERSION = YES;
				CLANG_WARN_DEPRECATED_OBJC_IMPLEMENTATIONS = YES;
				CLANG_WARN_DIRECT_OBJC_ISA_USAGE = YES_ERROR;
				CLANG_WARN_DOCUMENTATION_COMMENTS = YES;
				CLANG_WARN_EMPTY_BODY = YES;
				CLANG_WARN_ENUM_CONVERSION = YES;
				CLANG_WARN_INFINITE_RECURSION = YES;
				CLANG_WARN_INT_CONVERSION = YES;
				CLANG_WARN_NON_LITERAL_NULL_CONVERSION = YES;
				CLANG_WARN_OBJC_IMPLICIT_RETAIN_SELF = YES;
				CLANG_WARN_OBJC_LITERAL_CONVERSION = YES;
				CLANG_WARN_OBJC_ROOT_CLASS = YES_ERROR;
				CLANG_WARN_QUOTED_INCLUDE_IN_FRAMEWORK_HEADER = YES;
				CLANG_WARN_RANGE_LOOP_ANALYSIS = YES;
				CLANG_WARN_STRICT_PROTOTYPES = YES;
				CLANG_WARN_SUSPICIOUS_MOVE = YES;
				CLANG_WARN_UNGUARDED_AVAILABILITY = YES_AGGRESSIVE;
				CLANG_WARN_UNREACHABLE_CODE = YES;
				CLANG_WARN__DUPLICATE_METHOD_MATCH = YES;
				COPY_PHASE_STRIP = NO;
				DEBUG_INFORMATION_FORMAT = dwarf;
				ENABLE_STRICT_OBJC_MSGSEND = YES;
				ENABLE_TESTABILITY = YES;
				GCC_C_LANGUAGE_STANDARD = gnu11;
				GCC_DYNAMIC_NO_PIC = NO;
				GCC_NO_COMMON_BLOCKS = YES;
				GCC_OPTIMIZATION_LEVEL = 0;
				GCC_PREPROCESSOR_DEFINITIONS = (
					"DEBUG=1",
					"$(inherited)",
				);
				GCC_WARN_64_TO_32_BIT_CONVERSION = YES;
				GCC_WARN_ABOUT_RETURN_TYPE = YES_ERROR;
				GCC_WARN_UNDECLARED_SELECTOR = YES;
				GCC_WARN_UNINITIALIZED_AUTOS = YES_AGGRESSIVE;
				GCC_WARN_UNUSED_FUNCTION = YES;
				GCC_WARN_UNUSED_VARIABLE = YES;
				MACOSX_DEPLOYMENT_TARGET = 12.5;
				MTL_ENABLE_DEBUG_INFO = INCLUDE_SOURCE;
				MTL_FAST_MATH = YES;
				ONLY_ACTIVE_ARCH = YES;
				SDKROOT = macosx;
			};
			name = Debug;
		};
		6A0D36AF2C91F0220075A45C /* Release */ = {
			isa = XCBuildConfiguration;
			buildSettings = {
				ALWAYS_SEARCH_USER_PATHS = NO;
				CLANG_ANALYZER_NONNULL = YES;
				CLANG_ANALYZER_NUMBER_OBJECT_CONVERSION = YES_AGGRESSIVE;
				CLANG_CXX_LANGUAGE_STANDARD = "gnu++20";
				CLANG_ENABLE_MODULES = YES;
				CLANG_ENABLE_OBJC_ARC = YES;
				CLANG_ENABLE_OBJC_WEAK = YES;
				CLANG_WARN_BLOCK_CAPTURE_AUTORELEASING = YES;
				CLANG_WARN_BOOL_CONVERSION = YES;
				CLANG_WARN_COMMA = YES;
				CLANG_WARN_CONSTANT_CONVERSION = YES;
				CLANG_WARN_DEPRECATED_OBJC_IMPLEMENTATIONS = YES;
				CLANG_WARN_DIRECT_OBJC_ISA_USAGE = YES_ERROR;
				CLANG_WARN_DOCUMENTATION_COMMENTS = YES;
				CLANG_WARN_EMPTY_BODY = YES;
				CLANG_WARN_ENUM_CONVERSION = YES;
				CLANG_WARN_INFINITE_RECURSION = YES;
				CLANG_WARN_INT_CONVERSION = YES;
				CLANG_WARN_NON_LITERAL_NULL_CONVERSION = YES;
				CLANG_WARN_OBJC_IMPLICIT_RETAIN_SELF = YES;
				CLANG_WARN_OBJC_LITERAL_CONVERSION = YES;
				CLANG_WARN_OBJC_ROOT_CLASS = YES_ERROR;
				CLANG_WARN_QUOTED_INCLUDE_IN_FRAMEWORK_HEADER = YES;
				CLANG_WARN_RANGE_LOOP_ANALYSIS = YES;
				CLANG_WARN_STRICT_PROTOTYPES = YES;
				CLANG_WARN_SUSPICIOUS_MOVE = YES;
				CLANG_WARN_UNGUARDED_AVAILABILITY = YES_AGGRESSIVE;
				CLANG_WARN_UNREACHABLE_CODE = YES;
				CLANG_WARN__DUPLICATE_METHOD_MATCH = YES;
				COPY_PHASE_STRIP = NO;
				DEBUG_INFORMATION_FORMAT = "dwarf-with-dsym";
				ENABLE_NS_ASSERTIONS = NO;
				ENABLE_STRICT_OBJC_MSGSEND = YES;
				GCC_C_LANGUAGE_STANDARD = gnu11;
				GCC_NO_COMMON_BLOCKS = YES;
				GCC_WARN_64_TO_32_BIT_CONVERSION = YES;
				GCC_WARN_ABOUT_RETURN_TYPE = YES_ERROR;
				GCC_WARN_UNDECLARED_SELECTOR = YES;
				GCC_WARN_UNINITIALIZED_AUTOS = YES_AGGRESSIVE;
				GCC_WARN_UNUSED_FUNCTION = YES;
				GCC_WARN_UNUSED_VARIABLE = YES;
				MACOSX_DEPLOYMENT_TARGET = 12.5;
				MTL_ENABLE_DEBUG_INFO = NO;
				MTL_FAST_MATH = YES;
				SDKROOT = macosx;
			};
			name = Release;
		};
		6A0D36B12C91F0220075A45C /* Debug */ = {
			isa = XCBuildConfiguration;
			buildSettings = {
				CODE_SIGN_STYLE = Automatic;
				PRODUCT_NAME = "$(TARGET_NAME)";
			};
			name = Debug;
		};
		6A0D36B22C91F0220075A45C /* Release */ = {
			isa = XCBuildConfiguration;
			buildSettings = {
				CODE_SIGN_STYLE = Automatic;
				PRODUCT_NAME = "$(TARGET_NAME)";
			};
			name = Release;
		};
/* End XCBuildConfiguration section */

/* Begin XCConfigurationList section */
		6A0D36A42C91F0220075A45C /* Build configuration list for PBXProject "dz" */ = {
			isa = XCConfigurationList;
			buildConfigurations = (
				6A0D36AE2C91F0220075A45C /* Debug */,
				6A0D36AF2C91F0220075A45C /* Release */,
			);
			defaultConfigurationIsVisible = 0;
			defaultConfigurationName = Release;
		};
		6A0D36B02C91F0220075A45C /* Build configuration list for PBXNativeTarget "dz" */ = {
			isa = XCConfigurationList;
			buildConfigurations = (
				6A0D36B12C91F0220075A45C /* Debug */,
				6A0D36B22C91F0220075A45C /* Release */,
			);
			defaultConfigurationIsVisible = 0;
			defaultConfigurationName = Release;
		};
/* End XCConfigurationList section */
	};
	rootObject = 6A0D36A12C91F0220075A45C /* Project object */;
}
